{
  "name": "ICT",
  "lockfileVersion": 3,
  "requires": true,
  "packages": {
    "": {
      "dependencies": {
        "vue-verify-code": "^1.0.5"
      }
    },
    "node_modules/vue-verify-code": {
      "version": "1.0.5",
      "resolved": "https://registry.npmjs.org/vue-verify-code/-/vue-verify-code-1.0.5.tgz",
      "integrity": "sha512-C19MxAPor6vGn9jAaq7XOUmzI97HjKsmGpFS7fGeyuv06jR4nuDw2m1c0VRvnel9XPC/3hhc8RBGDhJgUfZPTg==",
      "license": "MIT"
    }
  }
}
